// !$*UTF8*$!
{
	archiveVersion = 1;
	classes = {
	};
	objectVersion = 46;
	objects = {

/* Begin PBXBuildFile section */
		2A1338C61CC1E821005A2747 /* newsModel.m in Sources */ = {isa = PBXBuildFile; fileRef = 2A1338C51CC1E821005A2747 /* newsModel.m */; };
		2A1338CC1CC1F2F8005A2747 /* JZNewsViewController.m in Sources */ = {isa = PBXBuildFile; fileRef = 2A1338CB1CC1F2F8005A2747 /* JZNewsViewController.m */; };
		2A319DBF1CB85B70001689B6 /* ContentViewCell.m in Sources */ = {isa = PBXBuildFile; fileRef = 2A319DBE1CB85B70001689B6 /* ContentViewCell.m */; };
		2A319DCB1CB8AD42001689B6 /* topStorysView.m in Sources */ = {isa = PBXBuildFile; fileRef = 2A319DCA1CB8AD42001689B6 /* topStorysView.m */; };
		2A712B9B1CB81A4F00575AAD /* UIColor+JZ.m in Sources */ = {isa = PBXBuildFile; fileRef = 2A712B9A1CB81A4F00575AAD /* UIColor+JZ.m */; };
		2A727EAC1CC27B0300774510 /* NewsHeadView.xib in Resources */ = {isa = PBXBuildFile; fileRef = 2A727EAB1CC27B0300774510 /* NewsHeadView.xib */; };
		2A727EAF1CC27BA000774510 /* NewsHeadView.m in Sources */ = {isa = PBXBuildFile; fileRef = 2A727EAE1CC27BA000774510 /* NewsHeadView.m */; };
		2A727EB21CC2995700774510 /* JZNavigationController.m in Sources */ = {isa = PBXBuildFile; fileRef = 2A727EB11CC2995700774510 /* JZNavigationController.m */; };
		2A727EB91CC328DF00774510 /* NewsViewModel.m in Sources */ = {isa = PBXBuildFile; fileRef = 2A727EB81CC328DF00774510 /* NewsViewModel.m */; };
		2A8EA5301CB788100055936D /* LeftMenuViewModel.m in Sources */ = {isa = PBXBuildFile; fileRef = 2A8EA52F1CB788100055936D /* LeftMenuViewModel.m */; };
		2A8EA5331CB795300055936D /* ThemeCell.m in Sources */ = {isa = PBXBuildFile; fileRef = 2A8EA5321CB795300055936D /* ThemeCell.m */; };
		2A8EA5371CB7A7190055936D /* MainViewController.m in Sources */ = {isa = PBXBuildFile; fileRef = 2A8EA5361CB7A7190055936D /* MainViewController.m */; };
		2A8EA53C1CB7AADF0055936D /* UIView+JZ.m in Sources */ = {isa = PBXBuildFile; fileRef = 2A8EA53B1CB7AADF0055936D /* UIView+JZ.m */; };
		2A8EA53E1CB7B5CE0055936D /* bizhi.jpg in Resources */ = {isa = PBXBuildFile; fileRef = 2A8EA53D1CB7B5CE0055936D /* bizhi.jpg */; };
		2A8EA5421CB7BED10055936D /* ContentViewController.m in Sources */ = {isa = PBXBuildFile; fileRef = 2A8EA5411CB7BED10055936D /* ContentViewController.m */; };
		2A90DE581CB842C500E2E00F /* ContentViewModel.m in Sources */ = {isa = PBXBuildFile; fileRef = 2A90DE571CB842C500E2E00F /* ContentViewModel.m */; };
		2A90DE5C1CB8434F00E2E00F /* StoryModel.m in Sources */ = {isa = PBXBuildFile; fileRef = 2A90DE5B1CB8434F00E2E00F /* StoryModel.m */; };
		2AAC33391CB94A03004DF895 /* RefreshView.m in Sources */ = {isa = PBXBuildFile; fileRef = 2AAC33381CB94A03004DF895 /* RefreshView.m */; };
		2AAC333C1CB97A92004DF895 /* SectionTitleView.m in Sources */ = {isa = PBXBuildFile; fileRef = 2AAC333B1CB97A92004DF895 /* SectionTitleView.m */; };
		2AD1C0071CB69D2100CC3F21 /* main.m in Sources */ = {isa = PBXBuildFile; fileRef = 2AD1C0061CB69D2100CC3F21 /* main.m */; };
		2AD1C00A1CB69D2100CC3F21 /* AppDelegate.m in Sources */ = {isa = PBXBuildFile; fileRef = 2AD1C0091CB69D2100CC3F21 /* AppDelegate.m */; };
		2AD1C0101CB69D2100CC3F21 /* Main.storyboard in Resources */ = {isa = PBXBuildFile; fileRef = 2AD1C00E1CB69D2100CC3F21 /* Main.storyboard */; };
		2AD1C0121CB69D2100CC3F21 /* Assets.xcassets in Resources */ = {isa = PBXBuildFile; fileRef = 2AD1C0111CB69D2100CC3F21 /* Assets.xcassets */; };
		2AD1C0151CB69D2100CC3F21 /* LaunchScreen.storyboard in Resources */ = {isa = PBXBuildFile; fileRef = 2AD1C0131CB69D2100CC3F21 /* LaunchScreen.storyboard */; };
		2AD1C0201CB69D2100CC3F21 /* ____Tests.m in Sources */ = {isa = PBXBuildFile; fileRef = 2AD1C01F1CB69D2100CC3F21 /* ____Tests.m */; };
		2AD1C02B1CB69D2100CC3F21 /* ____UITests.m in Sources */ = {isa = PBXBuildFile; fileRef = 2AD1C02A1CB69D2100CC3F21 /* ____UITests.m */; };
		2AD1C03C1CB758ED00CC3F21 /* UIImageView+JZ.m in Sources */ = {isa = PBXBuildFile; fileRef = 2AD1C03B1CB758ED00CC3F21 /* UIImageView+JZ.m */; };
		2AD1C0401CB7653500CC3F21 /* LeftMenuViewController.m in Sources */ = {isa = PBXBuildFile; fileRef = 2AD1C03F1CB7653500CC3F21 /* LeftMenuViewController.m */; };
		2AD1C0461CB7744D00CC3F21 /* ThemeModel.m in Sources */ = {isa = PBXBuildFile; fileRef = 2AD1C0451CB7744D00CC3F21 /* ThemeModel.m */; };
		2AD1C04A1CB77D8300CC3F21 /* RequestTool.m in Sources */ = {isa = PBXBuildFile; fileRef = 2AD1C0491CB77D8300CC3F21 /* RequestTool.m */; };
		E4E0988F4BF5AF85E67C80A9 /* libPods.a in Frameworks */ = {isa = PBXBuildFile; fileRef = 3F29856794AF1E673EC60163 /* libPods.a */; settings = {ATTRIBUTES = (Required, ); }; };
/* End PBXBuildFile section */

/* Begin PBXContainerItemProxy section */
		2AD1C01C1CB69D2100CC3F21 /* PBXContainerItemProxy */ = {
			isa = PBXContainerItemProxy;
			containerPortal = 2AD1BFFA1CB69D2100CC3F21 /* Project object */;
			proxyType = 1;
			remoteGlobalIDString = 2AD1C0011CB69D2100CC3F21;
			remoteInfo = "知乎日报";
		};
		2AD1C0271CB69D2100CC3F21 /* PBXContainerItemProxy */ = {
			isa = PBXContainerItemProxy;
			containerPortal = 2AD1BFFA1CB69D2100CC3F21 /* Project object */;
			proxyType = 1;
			remoteGlobalIDString = 2AD1C0011CB69D2100CC3F21;
			remoteInfo = "知乎日报";
		};
/* End PBXContainerItemProxy section */

/* Begin PBXFileReference section */
		1EB6C4973CDF48D2D24F9B80 /* Pods.release.xcconfig */ = {isa = PBXFileReference; includeInIndex = 1; lastKnownFileType = text.xcconfig; name = Pods.release.xcconfig; path = "Pods/Target Support Files/Pods/Pods.release.xcconfig"; sourceTree = "<group>"; };
		2A1338C41CC1E821005A2747 /* newsModel.h */ = {isa = PBXFileReference; fileEncoding = 4; lastKnownFileType = sourcecode.c.h; path = newsModel.h; sourceTree = "<group>"; };
		2A1338C51CC1E821005A2747 /* newsModel.m */ = {isa = PBXFileReference; fileEncoding = 4; lastKnownFileType = sourcecode.c.objc; path = newsModel.m; sourceTree = "<group>"; };
		2A1338CA1CC1F2F8005A2747 /* JZNewsViewController.h */ = {isa = PBXFileReference; fileEncoding = 4; lastKnownFileType = sourcecode.c.h; path = JZNewsViewController.h; sourceTree = "<group>"; };
		2A1338CB1CC1F2F8005A2747 /* JZNewsViewController.m */ = {isa = PBXFileReference; fileEncoding = 4; lastKnownFileType = sourcecode.c.objc; path = JZNewsViewController.m; sourceTree = "<group>"; };
		2A319DBD1CB85B70001689B6 /* ContentViewCell.h */ = {isa = PBXFileReference; fileEncoding = 4; lastKnownFileType = sourcecode.c.h; path = ContentViewCell.h; sourceTree = "<group>"; };
		2A319DBE1CB85B70001689B6 /* ContentViewCell.m */ = {isa = PBXFileReference; fileEncoding = 4; lastKnownFileType = sourcecode.c.objc; path = ContentViewCell.m; sourceTree = "<group>"; };
		2A319DC91CB8AD42001689B6 /* topStorysView.h */ = {isa = PBXFileReference; fileEncoding = 4; lastKnownFileType = sourcecode.c.h; path = topStorysView.h; sourceTree = "<group>"; };
		2A319DCA1CB8AD42001689B6 /* topStorysView.m */ = {isa = PBXFileReference; fileEncoding = 4; lastKnownFileType = sourcecode.c.objc; path = topStorysView.m; sourceTree = "<group>"; };
		2A712B991CB81A4F00575AAD /* UIColor+JZ.h */ = {isa = PBXFileReference; fileEncoding = 4; lastKnownFileType = sourcecode.c.h; path = "UIColor+JZ.h"; sourceTree = "<group>"; };
		2A712B9A1CB81A4F00575AAD /* UIColor+JZ.m */ = {isa = PBXFileReference; fileEncoding = 4; lastKnownFileType = sourcecode.c.objc; path = "UIColor+JZ.m"; sourceTree = "<group>"; };
		2A727EAB1CC27B0300774510 /* NewsHeadView.xib */ = {isa = PBXFileReference; fileEncoding = 4; lastKnownFileType = file.xib; path = NewsHeadView.xib; sourceTree = "<group>"; };
		2A727EAD1CC27BA000774510 /* NewsHeadView.h */ = {isa = PBXFileReference; fileEncoding = 4; lastKnownFileType = sourcecode.c.h; path = NewsHeadView.h; sourceTree = "<group>"; };
		2A727EAE1CC27BA000774510 /* NewsHeadView.m */ = {isa = PBXFileReference; fileEncoding = 4; lastKnownFileType = sourcecode.c.objc; path = NewsHeadView.m; sourceTree = "<group>"; };
		2A727EB01CC2995700774510 /* JZNavigationController.h */ = {isa = PBXFileReference; fileEncoding = 4; lastKnownFileType = sourcecode.c.h; path = JZNavigationController.h; sourceTree = "<group>"; };
		2A727EB11CC2995700774510 /* JZNavigationController.m */ = {isa = PBXFileReference; fileEncoding = 4; lastKnownFileType = sourcecode.c.objc; path = JZNavigationController.m; sourceTree = "<group>"; };
		2A727EB71CC328DF00774510 /* NewsViewModel.h */ = {isa = PBXFileReference; fileEncoding = 4; lastKnownFileType = sourcecode.c.h; path = NewsViewModel.h; sourceTree = "<group>"; };
		2A727EB81CC328DF00774510 /* NewsViewModel.m */ = {isa = PBXFileReference; fileEncoding = 4; lastKnownFileType = sourcecode.c.objc; path = NewsViewModel.m; sourceTree = "<group>"; };
		2A8EA52E1CB788100055936D /* LeftMenuViewModel.h */ = {isa = PBXFileReference; fileEncoding = 4; lastKnownFileType = sourcecode.c.h; path = LeftMenuViewModel.h; sourceTree = "<group>"; };
		2A8EA52F1CB788100055936D /* LeftMenuViewModel.m */ = {isa = PBXFileReference; fileEncoding = 4; lastKnownFileType = sourcecode.c.objc; path = LeftMenuViewModel.m; sourceTree = "<group>"; };
		2A8EA5311CB795300055936D /* ThemeCell.h */ = {isa = PBXFileReference; fileEncoding = 4; lastKnownFileType = sourcecode.c.h; path = ThemeCell.h; sourceTree = "<group>"; };
		2A8EA5321CB795300055936D /* ThemeCell.m */ = {isa = PBXFileReference; fileEncoding = 4; lastKnownFileType = sourcecode.c.objc; path = ThemeCell.m; sourceTree = "<group>"; };
		2A8EA5351CB7A7190055936D /* MainViewController.h */ = {isa = PBXFileReference; fileEncoding = 4; lastKnownFileType = sourcecode.c.h; path = MainViewController.h; sourceTree = "<group>"; };
		2A8EA5361CB7A7190055936D /* MainViewController.m */ = {isa = PBXFileReference; fileEncoding = 4; lastKnownFileType = sourcecode.c.objc; path = MainViewController.m; sourceTree = "<group>"; };
		2A8EA53A1CB7AADF0055936D /* UIView+JZ.h */ = {isa = PBXFileReference; fileEncoding = 4; lastKnownFileType = sourcecode.c.h; path = "UIView+JZ.h"; sourceTree = "<group>"; };
		2A8EA53B1CB7AADF0055936D /* UIView+JZ.m */ = {isa = PBXFileReference; fileEncoding = 4; lastKnownFileType = sourcecode.c.objc; path = "UIView+JZ.m"; sourceTree = "<group>"; };
		2A8EA53D1CB7B5CE0055936D /* bizhi.jpg */ = {isa = PBXFileReference; lastKnownFileType = image.jpeg; path = bizhi.jpg; sourceTree = "<group>"; };
		2A8EA5401CB7BED10055936D /* ContentViewController.h */ = {isa = PBXFileReference; fileEncoding = 4; lastKnownFileType = sourcecode.c.h; path = ContentViewController.h; sourceTree = "<group>"; };
		2A8EA5411CB7BED10055936D /* ContentViewController.m */ = {isa = PBXFileReference; fileEncoding = 4; lastKnownFileType = sourcecode.c.objc; path = ContentViewController.m; sourceTree = "<group>"; };
		2A90DE561CB842C500E2E00F /* ContentViewModel.h */ = {isa = PBXFileReference; fileEncoding = 4; lastKnownFileType = sourcecode.c.h; path = ContentViewModel.h; sourceTree = "<group>"; };
		2A90DE571CB842C500E2E00F /* ContentViewModel.m */ = {isa = PBXFileReference; fileEncoding = 4; lastKnownFileType = sourcecode.c.objc; path = ContentViewModel.m; sourceTree = "<group>"; };
		2A90DE5A1CB8434F00E2E00F /* StoryModel.h */ = {isa = PBXFileReference; fileEncoding = 4; lastKnownFileType = sourcecode.c.h; path = StoryModel.h; sourceTree = "<group>"; };
		2A90DE5B1CB8434F00E2E00F /* StoryModel.m */ = {isa = PBXFileReference; fileEncoding = 4; lastKnownFileType = sourcecode.c.objc; path = StoryModel.m; sourceTree = "<group>"; };
		2AA79B941CCA95AD0062BBA4 /* Reveal.framework */ = {isa = PBXFileReference; lastKnownFileType = wrapper.framework; name = Reveal.framework; path = "../../../../Applications/Reveal.app/Contents/SharedSupport/iOS-Libraries/Reveal.framework"; sourceTree = "<group>"; };
		2AAC33371CB94A03004DF895 /* RefreshView.h */ = {isa = PBXFileReference; fileEncoding = 4; lastKnownFileType = sourcecode.c.h; path = RefreshView.h; sourceTree = "<group>"; };
		2AAC33381CB94A03004DF895 /* RefreshView.m */ = {isa = PBXFileReference; fileEncoding = 4; lastKnownFileType = sourcecode.c.objc; path = RefreshView.m; sourceTree = "<group>"; };
		2AAC333A1CB97A92004DF895 /* SectionTitleView.h */ = {isa = PBXFileReference; fileEncoding = 4; lastKnownFileType = sourcecode.c.h; path = SectionTitleView.h; sourceTree = "<group>"; };
		2AAC333B1CB97A92004DF895 /* SectionTitleView.m */ = {isa = PBXFileReference; fileEncoding = 4; lastKnownFileType = sourcecode.c.objc; path = SectionTitleView.m; sourceTree = "<group>"; };
		2AD1C0021CB69D2100CC3F21 /* 知乎日报.app */ = {isa = PBXFileReference; explicitFileType = wrapper.application; includeInIndex = 0; path = "知乎日报.app"; sourceTree = BUILT_PRODUCTS_DIR; };
		2AD1C0061CB69D2100CC3F21 /* main.m */ = {isa = PBXFileReference; lastKnownFileType = sourcecode.c.objc; path = main.m; sourceTree = "<group>"; };
		2AD1C0081CB69D2100CC3F21 /* AppDelegate.h */ = {isa = PBXFileReference; lastKnownFileType = sourcecode.c.h; path = AppDelegate.h; sourceTree = "<group>"; };
		2AD1C0091CB69D2100CC3F21 /* AppDelegate.m */ = {isa = PBXFileReference; lastKnownFileType = sourcecode.c.objc; path = AppDelegate.m; sourceTree = "<group>"; };
		2AD1C00F1CB69D2100CC3F21 /* Base */ = {isa = PBXFileReference; lastKnownFileType = file.storyboard; name = Base; path = Base.lproj/Main.storyboard; sourceTree = "<group>"; };
		2AD1C0111CB69D2100CC3F21 /* Assets.xcassets */ = {isa = PBXFileReference; lastKnownFileType = folder.assetcatalog; path = Assets.xcassets; sourceTree = "<group>"; };
		2AD1C0141CB69D2100CC3F21 /* Base */ = {isa = PBXFileReference; lastKnownFileType = file.storyboard; name = Base; path = Base.lproj/LaunchScreen.storyboard; sourceTree = "<group>"; };
		2AD1C0161CB69D2100CC3F21 /* Info.plist */ = {isa = PBXFileReference; lastKnownFileType = text.plist.xml; path = Info.plist; sourceTree = "<group>"; };
		2AD1C01B1CB69D2100CC3F21 /* 知乎日报Tests.xctest */ = {isa = PBXFileReference; explicitFileType = wrapper.cfbundle; includeInIndex = 0; path = "知乎日报Tests.xctest"; sourceTree = BUILT_PRODUCTS_DIR; };
		2AD1C01F1CB69D2100CC3F21 /* ____Tests.m */ = {isa = PBXFileReference; lastKnownFileType = sourcecode.c.objc; path = "____Tests.m"; sourceTree = "<group>"; };
		2AD1C0211CB69D2100CC3F21 /* Info.plist */ = {isa = PBXFileReference; lastKnownFileType = text.plist.xml; path = Info.plist; sourceTree = "<group>"; };
		2AD1C0261CB69D2100CC3F21 /* 知乎日报UITests.xctest */ = {isa = PBXFileReference; explicitFileType = wrapper.cfbundle; includeInIndex = 0; path = "知乎日报UITests.xctest"; sourceTree = BUILT_PRODUCTS_DIR; };
		2AD1C02A1CB69D2100CC3F21 /* ____UITests.m */ = {isa = PBXFileReference; lastKnownFileType = sourcecode.c.objc; path = "____UITests.m"; sourceTree = "<group>"; };
		2AD1C02C1CB69D2100CC3F21 /* Info.plist */ = {isa = PBXFileReference; lastKnownFileType = text.plist.xml; path = Info.plist; sourceTree = "<group>"; };
		2AD1C03A1CB758ED00CC3F21 /* UIImageView+JZ.h */ = {isa = PBXFileReference; fileEncoding = 4; lastKnownFileType = sourcecode.c.h; path = "UIImageView+JZ.h"; sourceTree = "<group>"; };
		2AD1C03B1CB758ED00CC3F21 /* UIImageView+JZ.m */ = {isa = PBXFileReference; fileEncoding = 4; lastKnownFileType = sourcecode.c.objc; path = "UIImageView+JZ.m"; sourceTree = "<group>"; };
		2AD1C03E1CB7653500CC3F21 /* LeftMenuViewController.h */ = {isa = PBXFileReference; fileEncoding = 4; lastKnownFileType = sourcecode.c.h; path = LeftMenuViewController.h; sourceTree = "<group>"; };
		2AD1C03F1CB7653500CC3F21 /* LeftMenuViewController.m */ = {isa = PBXFileReference; fileEncoding = 4; lastKnownFileType = sourcecode.c.objc; path = LeftMenuViewController.m; sourceTree = "<group>"; };
		2AD1C0441CB7744D00CC3F21 /* ThemeModel.h */ = {isa = PBXFileReference; fileEncoding = 4; lastKnownFileType = sourcecode.c.h; path = ThemeModel.h; sourceTree = "<group>"; };
		2AD1C0451CB7744D00CC3F21 /* ThemeModel.m */ = {isa = PBXFileReference; fileEncoding = 4; lastKnownFileType = sourcecode.c.objc; path = ThemeModel.m; sourceTree = "<group>"; };
		2AD1C0481CB77D8300CC3F21 /* RequestTool.h */ = {isa = PBXFileReference; fileEncoding = 4; lastKnownFileType = sourcecode.c.h; path = RequestTool.h; sourceTree = "<group>"; };
		2AD1C0491CB77D8300CC3F21 /* RequestTool.m */ = {isa = PBXFileReference; fileEncoding = 4; lastKnownFileType = sourcecode.c.objc; path = RequestTool.m; sourceTree = "<group>"; };
		3F29856794AF1E673EC60163 /* libPods.a */ = {isa = PBXFileReference; explicitFileType = archive.ar; includeInIndex = 0; path = libPods.a; sourceTree = BUILT_PRODUCTS_DIR; };
		AD1B9A95B1DD5C66B142435A /* Pods.debug.xcconfig */ = {isa = PBXFileReference; includeInIndex = 1; lastKnownFileType = text.xcconfig; name = Pods.debug.xcconfig; path = "Pods/Target Support Files/Pods/Pods.debug.xcconfig"; sourceTree = "<group>"; };
/* End PBXFileReference section */

/* Begin PBXFrameworksBuildPhase section */
		2AD1BFFF1CB69D2100CC3F21 /* Frameworks */ = {
			isa = PBXFrameworksBuildPhase;
			buildActionMask = 2147483647;
			files = (
				E4E0988F4BF5AF85E67C80A9 /* libPods.a in Frameworks */,
			);
			runOnlyForDeploymentPostprocessing = 0;
		};
		2AD1C0181CB69D2100CC3F21 /* Frameworks */ = {
			isa = PBXFrameworksBuildPhase;
			buildActionMask = 2147483647;
			files = (
			);
			runOnlyForDeploymentPostprocessing = 0;
		};
		2AD1C0231CB69D2100CC3F21 /* Frameworks */ = {
			isa = PBXFrameworksBuildPhase;
			buildActionMask = 2147483647;
			files = (
			);
			runOnlyForDeploymentPostprocessing = 0;
		};
/* End PBXFrameworksBuildPhase section */

/* Begin PBXGroup section */
		2A642EB4A5AA61965740C589 /* Pods */ = {
			isa = PBXGroup;
			children = (
				AD1B9A95B1DD5C66B142435A /* Pods.debug.xcconfig */,
				1EB6C4973CDF48D2D24F9B80 /* Pods.release.xcconfig */,
			);
			name = Pods;
			sourceTree = "<group>";
		};
		2A727EB31CC3243B00774510 /* View */ = {
			isa = PBXGroup;
			children = (
			);
			name = View;
			sourceTree = "<group>";
		};
		2A727EB41CC3244000774510 /* Controller */ = {
			isa = PBXGroup;
			children = (
				2A8EA5351CB7A7190055936D /* MainViewController.h */,
				2A8EA5361CB7A7190055936D /* MainViewController.m */,
				2A727EB01CC2995700774510 /* JZNavigationController.h */,
				2A727EB11CC2995700774510 /* JZNavigationController.m */,
			);
			name = Controller;
			sourceTree = "<group>";
		};
		2A727EB51CC3245900774510 /* Controller */ = {
			isa = PBXGroup;
			children = (
				2AD1C03E1CB7653500CC3F21 /* LeftMenuViewController.h */,
				2AD1C03F1CB7653500CC3F21 /* LeftMenuViewController.m */,
			);
			name = Controller;
			sourceTree = "<group>";
		};
		2A727EB61CC324AF00774510 /* Controller */ = {
			isa = PBXGroup;
			children = (
				2A8EA5401CB7BED10055936D /* ContentViewController.h */,
				2A8EA5411CB7BED10055936D /* ContentViewController.m */,
				2A1338CA1CC1F2F8005A2747 /* JZNewsViewController.h */,
				2A1338CB1CC1F2F8005A2747 /* JZNewsViewController.m */,
			);
			name = Controller;
			sourceTree = "<group>";
		};
		2A8EA5341CB7A6F10055936D /* Main */ = {
			isa = PBXGroup;
			children = (
				2A727EB41CC3244000774510 /* Controller */,
				2A727EB31CC3243B00774510 /* View */,
			);
			name = Main;
			sourceTree = "<group>";
		};
		2A8EA53F1CB7BEB00055936D /* Home */ = {
			isa = PBXGroup;
			children = (
				2A727EB61CC324AF00774510 /* Controller */,
				2A90DE591CB8431E00E2E00F /* Model */,
				2A90DE551CB842A400E2E00F /* ViewModel */,
				2A90DE511CB832D000E2E00F /* View */,
			);
			name = Home;
			sourceTree = "<group>";
		};
		2A90DE511CB832D000E2E00F /* View */ = {
			isa = PBXGroup;
			children = (
				2A319DBD1CB85B70001689B6 /* ContentViewCell.h */,
				2A319DBE1CB85B70001689B6 /* ContentViewCell.m */,
				2A319DC91CB8AD42001689B6 /* topStorysView.h */,
				2A319DCA1CB8AD42001689B6 /* topStorysView.m */,
				2AAC33371CB94A03004DF895 /* RefreshView.h */,
				2AAC33381CB94A03004DF895 /* RefreshView.m */,
				2AAC333A1CB97A92004DF895 /* SectionTitleView.h */,
				2AAC333B1CB97A92004DF895 /* SectionTitleView.m */,
				2A727EAB1CC27B0300774510 /* NewsHeadView.xib */,
				2A727EAD1CC27BA000774510 /* NewsHeadView.h */,
				2A727EAE1CC27BA000774510 /* NewsHeadView.m */,
			);
			name = View;
			sourceTree = "<group>";
		};
		2A90DE551CB842A400E2E00F /* ViewModel */ = {
			isa = PBXGroup;
			children = (
				2A90DE561CB842C500E2E00F /* ContentViewModel.h */,
				2A90DE571CB842C500E2E00F /* ContentViewModel.m */,
				2A727EB71CC328DF00774510 /* NewsViewModel.h */,
				2A727EB81CC328DF00774510 /* NewsViewModel.m */,
			);
			name = ViewModel;
			sourceTree = "<group>";
		};
		2A90DE591CB8431E00E2E00F /* Model */ = {
			isa = PBXGroup;
			children = (
				2A90DE5A1CB8434F00E2E00F /* StoryModel.h */,
				2A90DE5B1CB8434F00E2E00F /* StoryModel.m */,
				2A1338C41CC1E821005A2747 /* newsModel.h */,
				2A1338C51CC1E821005A2747 /* newsModel.m */,
			);
			name = Model;
			sourceTree = "<group>";
		};
		2AAC333F1CBA0847004DF895 /* stroy */ = {
			isa = PBXGroup;
			children = (
			);
			name = stroy;
			sourceTree = "<group>";
		};
		2AD1BFF91CB69D2100CC3F21 = {
			isa = PBXGroup;
			children = (
				2AD1C0041CB69D2100CC3F21 /* 知乎日报 */,
				2AD1C01E1CB69D2100CC3F21 /* 知乎日报Tests */,
				2AD1C0291CB69D2100CC3F21 /* 知乎日报UITests */,
				2AD1C0031CB69D2100CC3F21 /* Products */,
				2A642EB4A5AA61965740C589 /* Pods */,
				E92EF2019FE7D7B596E6077E /* Frameworks */,
			);
			sourceTree = "<group>";
		};
		2AD1C0031CB69D2100CC3F21 /* Products */ = {
			isa = PBXGroup;
			children = (
				2AD1C0021CB69D2100CC3F21 /* 知乎日报.app */,
				2AD1C01B1CB69D2100CC3F21 /* 知乎日报Tests.xctest */,
				2AD1C0261CB69D2100CC3F21 /* 知乎日报UITests.xctest */,
			);
			name = Products;
			sourceTree = "<group>";
		};
		2AD1C0041CB69D2100CC3F21 /* 知乎日报 */ = {
			isa = PBXGroup;
			children = (
				2AAC333F1CBA0847004DF895 /* stroy */,
				2A8EA53F1CB7BEB00055936D /* Home */,
				2A8EA5341CB7A6F10055936D /* Main */,
				2AD1C0471CB77D3500CC3F21 /* Network */,
				2AD1C03D1CB7650F00CC3F21 /* LeftMenu */,
				2AD1C0381CB7587600CC3F21 /* Extension */,
				2AD1C0081CB69D2100CC3F21 /* AppDelegate.h */,
				2AD1C0091CB69D2100CC3F21 /* AppDelegate.m */,
				2AD1C00E1CB69D2100CC3F21 /* Main.storyboard */,
				2AD1C0111CB69D2100CC3F21 /* Assets.xcassets */,
				2A8EA53D1CB7B5CE0055936D /* bizhi.jpg */,
				2AD1C0131CB69D2100CC3F21 /* LaunchScreen.storyboard */,
				2AD1C0161CB69D2100CC3F21 /* Info.plist */,
				2AD1C0051CB69D2100CC3F21 /* Supporting Files */,
			);
			path = "知乎日报";
			sourceTree = "<group>";
		};
		2AD1C0051CB69D2100CC3F21 /* Supporting Files */ = {
			isa = PBXGroup;
			children = (
				2AD1C0061CB69D2100CC3F21 /* main.m */,
			);
			name = "Supporting Files";
			sourceTree = "<group>";
		};
		2AD1C01E1CB69D2100CC3F21 /* 知乎日报Tests */ = {
			isa = PBXGroup;
			children = (
				2AD1C01F1CB69D2100CC3F21 /* ____Tests.m */,
				2AD1C0211CB69D2100CC3F21 /* Info.plist */,
			);
			path = "知乎日报Tests";
			sourceTree = "<group>";
		};
		2AD1C0291CB69D2100CC3F21 /* 知乎日报UITests */ = {
			isa = PBXGroup;
			children = (
				2AD1C02A1CB69D2100CC3F21 /* ____UITests.m */,
				2AD1C02C1CB69D2100CC3F21 /* Info.plist */,
			);
			path = "知乎日报UITests";
			sourceTree = "<group>";
		};
		2AD1C0381CB7587600CC3F21 /* Extension */ = {
			isa = PBXGroup;
			children = (
				2AD1C03A1CB758ED00CC3F21 /* UIImageView+JZ.h */,
				2AD1C03B1CB758ED00CC3F21 /* UIImageView+JZ.m */,
				2A8EA53A1CB7AADF0055936D /* UIView+JZ.h */,
				2A8EA53B1CB7AADF0055936D /* UIView+JZ.m */,
				2A712B991CB81A4F00575AAD /* UIColor+JZ.h */,
				2A712B9A1CB81A4F00575AAD /* UIColor+JZ.m */,
			);
			name = Extension;
			sourceTree = "<group>";
		};
		2AD1C03D1CB7650F00CC3F21 /* LeftMenu */ = {
			isa = PBXGroup;
			children = (
				2A727EB51CC3245900774510 /* Controller */,
				2AD1C0431CB773F700CC3F21 /* Model */,
				2AD1C0421CB773E000CC3F21 /* ViewModel */,
				2AD1C0411CB773D700CC3F21 /* View */,
			);
			name = LeftMenu;
			sourceTree = "<group>";
		};
		2AD1C0411CB773D700CC3F21 /* View */ = {
			isa = PBXGroup;
			children = (
				2A8EA5311CB795300055936D /* ThemeCell.h */,
				2A8EA5321CB795300055936D /* ThemeCell.m */,
			);
			name = View;
			sourceTree = "<group>";
		};
		2AD1C0421CB773E000CC3F21 /* ViewModel */ = {
			isa = PBXGroup;
			children = (
				2A8EA52E1CB788100055936D /* LeftMenuViewModel.h */,
				2A8EA52F1CB788100055936D /* LeftMenuViewModel.m */,
			);
			name = ViewModel;
			sourceTree = "<group>";
		};
		2AD1C0431CB773F700CC3F21 /* Model */ = {
			isa = PBXGroup;
			children = (
				2AD1C0441CB7744D00CC3F21 /* ThemeModel.h */,
				2AD1C0451CB7744D00CC3F21 /* ThemeModel.m */,
			);
			name = Model;
			sourceTree = "<group>";
		};
		2AD1C0471CB77D3500CC3F21 /* Network */ = {
			isa = PBXGroup;
			children = (
				2AD1C0491CB77D8300CC3F21 /* RequestTool.m */,
				2AD1C0481CB77D8300CC3F21 /* RequestTool.h */,
			);
			name = Network;
			sourceTree = "<group>";
		};
		E92EF2019FE7D7B596E6077E /* Frameworks */ = {
			isa = PBXGroup;
			children = (
				2AA79B941CCA95AD0062BBA4 /* Reveal.framework */,
				3F29856794AF1E673EC60163 /* libPods.a */,
			);
			name = Frameworks;
			sourceTree = "<group>";
		};
/* End PBXGroup section */

/* Begin PBXNativeTarget section */
		2AD1C0011CB69D2100CC3F21 /* 知乎日报 */ = {
			isa = PBXNativeTarget;
			buildConfigurationList = 2AD1C02F1CB69D2100CC3F21 /* Build configuration list for PBXNativeTarget "知乎日报" */;
			buildPhases = (
				69EB2960772A4A544AC9A897 /* Check Pods Manifest.lock */,
				2AD1BFFE1CB69D2100CC3F21 /* Sources */,
				2AD1BFFF1CB69D2100CC3F21 /* Frameworks */,
				2AD1C0001CB69D2100CC3F21 /* Resources */,
				FB2F7E5F72F06B8C94E68322 /* Embed Pods Frameworks */,
				3061E7968A52687DEAF0A7D4 /* Copy Pods Resources */,
			);
			buildRules = (
			);
			dependencies = (
			);
			name = "知乎日报";
			productName = "知乎日报";
			productReference = 2AD1C0021CB69D2100CC3F21 /* 知乎日报.app */;
			productType = "com.apple.product-type.application";
		};
		2AD1C01A1CB69D2100CC3F21 /* 知乎日报Tests */ = {
			isa = PBXNativeTarget;
			buildConfigurationList = 2AD1C0321CB69D2100CC3F21 /* Build configuration list for PBXNativeTarget "知乎日报Tests" */;
			buildPhases = (
				2AD1C0171CB69D2100CC3F21 /* Sources */,
				2AD1C0181CB69D2100CC3F21 /* Frameworks */,
				2AD1C0191CB69D2100CC3F21 /* Resources */,
			);
			buildRules = (
			);
			dependencies = (
				2AD1C01D1CB69D2100CC3F21 /* PBXTargetDependency */,
			);
			name = "知乎日报Tests";
			productName = "知乎日报Tests";
			productReference = 2AD1C01B1CB69D2100CC3F21 /* 知乎日报Tests.xctest */;
			productType = "com.apple.product-type.bundle.unit-test";
		};
		2AD1C0251CB69D2100CC3F21 /* 知乎日报UITests */ = {
			isa = PBXNativeTarget;
			buildConfigurationList = 2AD1C0351CB69D2100CC3F21 /* Build configuration list for PBXNativeTarget "知乎日报UITests" */;
			buildPhases = (
				2AD1C0221CB69D2100CC3F21 /* Sources */,
				2AD1C0231CB69D2100CC3F21 /* Frameworks */,
				2AD1C0241CB69D2100CC3F21 /* Resources */,
			);
			buildRules = (
			);
			dependencies = (
				2AD1C0281CB69D2100CC3F21 /* PBXTargetDependency */,
			);
			name = "知乎日报UITests";
			productName = "知乎日报UITests";
			productReference = 2AD1C0261CB69D2100CC3F21 /* 知乎日报UITests.xctest */;
			productType = "com.apple.product-type.bundle.ui-testing";
		};
/* End PBXNativeTarget section */

/* Begin PBXProject section */
		2AD1BFFA1CB69D2100CC3F21 /* Project object */ = {
			isa = PBXProject;
			attributes = {
				LastUpgradeCheck = 0720;
				ORGANIZATIONNAME = Jz;
				TargetAttributes = {
					2AD1C0011CB69D2100CC3F21 = {
						CreatedOnToolsVersion = 7.2;
						DevelopmentTeam = MDV762U723;
					};
					2AD1C01A1CB69D2100CC3F21 = {
						CreatedOnToolsVersion = 7.2;
						DevelopmentTeam = MDV762U723;
						TestTargetID = 2AD1C0011CB69D2100CC3F21;
					};
					2AD1C0251CB69D2100CC3F21 = {
						CreatedOnToolsVersion = 7.2;
						DevelopmentTeam = MDV762U723;
						TestTargetID = 2AD1C0011CB69D2100CC3F21;
					};
				};
			};
			buildConfigurationList = 2AD1BFFD1CB69D2100CC3F21 /* Build configuration list for PBXProject "知乎日报" */;
			compatibilityVersion = "Xcode 3.2";
			developmentRegion = English;
			hasScannedForEncodings = 0;
			knownRegions = (
				en,
				Base,
			);
			mainGroup = 2AD1BFF91CB69D2100CC3F21;
			productRefGroup = 2AD1C0031CB69D2100CC3F21 /* Products */;
			projectDirPath = "";
			projectRoot = "";
			targets = (
				2AD1C0011CB69D2100CC3F21 /* 知乎日报 */,
				2AD1C01A1CB69D2100CC3F21 /* 知乎日报Tests */,
				2AD1C0251CB69D2100CC3F21 /* 知乎日报UITests */,
			);
		};
/* End PBXProject section */

/* Begin PBXResourcesBuildPhase section */
		2AD1C0001CB69D2100CC3F21 /* Resources */ = {
			isa = PBXResourcesBuildPhase;
			buildActionMask = 2147483647;
			files = (
				2AD1C0151CB69D2100CC3F21 /* LaunchScreen.storyboard in Resources */,
				2AD1C0121CB69D2100CC3F21 /* Assets.xcassets in Resources */,
				2A727EAC1CC27B0300774510 /* NewsHeadView.xib in Resources */,
				2A8EA53E1CB7B5CE0055936D /* bizhi.jpg in Resources */,
				2AD1C0101CB69D2100CC3F21 /* Main.storyboard in Resources */,
			);
			runOnlyForDeploymentPostprocessing = 0;
		};
		2AD1C0191CB69D2100CC3F21 /* Resources */ = {
			isa = PBXResourcesBuildPhase;
			buildActionMask = 2147483647;
			files = (
			);
			runOnlyForDeploymentPostprocessing = 0;
		};
		2AD1C0241CB69D2100CC3F21 /* Resources */ = {
			isa = PBXResourcesBuildPhase;
			buildActionMask = 2147483647;
			files = (
			);
			runOnlyForDeploymentPostprocessing = 0;
		};
/* End PBXResourcesBuildPhase section */

/* Begin PBXShellScriptBuildPhase section */
		3061E7968A52687DEAF0A7D4 /* Copy Pods Resources */ = {
			isa = PBXShellScriptBuildPhase;
			buildActionMask = 2147483647;
			files = (
			);
			inputPaths = (
			);
			name = "Copy Pods Resources";
			outputPaths = (
			);
			runOnlyForDeploymentPostprocessing = 0;
			shellPath = /bin/sh;
			shellScript = "\"${SRCROOT}/Pods/Target Support Files/Pods/Pods-resources.sh\"\n";
			showEnvVarsInLog = 0;
		};
		69EB2960772A4A544AC9A897 /* Check Pods Manifest.lock */ = {
			isa = PBXShellScriptBuildPhase;
			buildActionMask = 2147483647;
			files = (
			);
			inputPaths = (
			);
			name = "Check Pods Manifest.lock";
			outputPaths = (
			);
			runOnlyForDeploymentPostprocessing = 0;
			shellPath = /bin/sh;
			shellScript = "diff \"${PODS_ROOT}/../Podfile.lock\" \"${PODS_ROOT}/Manifest.lock\" > /dev/null\nif [[ $? != 0 ]] ; then\n    cat << EOM\nerror: The sandbox is not in sync with the Podfile.lock. Run 'pod install' or update your CocoaPods installation.\nEOM\n    exit 1\nfi\n";
			showEnvVarsInLog = 0;
		};
		FB2F7E5F72F06B8C94E68322 /* Embed Pods Frameworks */ = {
			isa = PBXShellScriptBuildPhase;
			buildActionMask = 2147483647;
			files = (
			);
			inputPaths = (
			);
			name = "Embed Pods Frameworks";
			outputPaths = (
			);
			runOnlyForDeploymentPostprocessing = 0;
			shellPath = /bin/sh;
			shellScript = "\"${SRCROOT}/Pods/Target Support Files/Pods/Pods-frameworks.sh\"\n";
			showEnvVarsInLog = 0;
		};
/* End PBXShellScriptBuildPhase section */

/* Begin PBXSourcesBuildPhase section */
		2AD1BFFE1CB69D2100CC3F21 /* Sources */ = {
			isa = PBXSourcesBuildPhase;
			buildActionMask = 2147483647;
			files = (
				2A8EA53C1CB7AADF0055936D /* UIView+JZ.m in Sources */,
				2A319DBF1CB85B70001689B6 /* ContentViewCell.m in Sources */,
				2A8EA5421CB7BED10055936D /* ContentViewController.m in Sources */,
				2AD1C0461CB7744D00CC3F21 /* ThemeModel.m in Sources */,
				2AAC33391CB94A03004DF895 /* RefreshView.m in Sources */,
				2A8EA5331CB795300055936D /* ThemeCell.m in Sources */,
				2AD1C04A1CB77D8300CC3F21 /* RequestTool.m in Sources */,
				2A727EB91CC328DF00774510 /* NewsViewModel.m in Sources */,
				2A1338CC1CC1F2F8005A2747 /* JZNewsViewController.m in Sources */,
				2AD1C03C1CB758ED00CC3F21 /* UIImageView+JZ.m in Sources */,
				2A8EA5371CB7A7190055936D /* MainViewController.m in Sources */,
				2A90DE5C1CB8434F00E2E00F /* StoryModel.m in Sources */,
				2AD1C00A1CB69D2100CC3F21 /* AppDelegate.m in Sources */,
				2AD1C0401CB7653500CC3F21 /* LeftMenuViewController.m in Sources */,
				2A8EA5301CB788100055936D /* LeftMenuViewModel.m in Sources */,
				2AAC333C1CB97A92004DF895 /* SectionTitleView.m in Sources */,
				2A727EB21CC2995700774510 /* JZNavigationController.m in Sources */,
				2A319DCB1CB8AD42001689B6 /* topStorysView.m in Sources */,
				2A1338C61CC1E821005A2747 /* newsModel.m in Sources */,
				2AD1C0071CB69D2100CC3F21 /* main.m in Sources */,
				2A90DE581CB842C500E2E00F /* ContentViewModel.m in Sources */,
				2A712B9B1CB81A4F00575AAD /* UIColor+JZ.m in Sources */,
				2A727EAF1CC27BA000774510 /* NewsHeadView.m in Sources */,
			);
			runOnlyForDeploymentPostprocessing = 0;
		};
		2AD1C0171CB69D2100CC3F21 /* Sources */ = {
			isa = PBXSourcesBuildPhase;
			buildActionMask = 2147483647;
			files = (
				2AD1C0201CB69D2100CC3F21 /* ____Tests.m in Sources */,
			);
			runOnlyForDeploymentPostprocessing = 0;
		};
		2AD1C0221CB69D2100CC3F21 /* Sources */ = {
			isa = PBXSourcesBuildPhase;
			buildActionMask = 2147483647;
			files = (
				2AD1C02B1CB69D2100CC3F21 /* ____UITests.m in Sources */,
			);
			runOnlyForDeploymentPostprocessing = 0;
		};
/* End PBXSourcesBuildPhase section */

/* Begin PBXTargetDependency section */
		2AD1C01D1CB69D2100CC3F21 /* PBXTargetDependency */ = {
			isa = PBXTargetDependency;
			target = 2AD1C0011CB69D2100CC3F21 /* 知乎日报 */;
			targetProxy = 2AD1C01C1CB69D2100CC3F21 /* PBXContainerItemProxy */;
		};
		2AD1C0281CB69D2100CC3F21 /* PBXTargetDependency */ = {
			isa = PBXTargetDependency;
			target = 2AD1C0011CB69D2100CC3F21 /* 知乎日报 */;
			targetProxy = 2AD1C0271CB69D2100CC3F21 /* PBXContainerItemProxy */;
		};
/* End PBXTargetDependency section */

/* Begin PBXVariantGroup section */
		2AD1C00E1CB69D2100CC3F21 /* Main.storyboard */ = {
			isa = PBXVariantGroup;
			children = (
				2AD1C00F1CB69D2100CC3F21 /* Base */,
			);
			name = Main.storyboard;
			sourceTree = "<group>";
		};
		2AD1C0131CB69D2100CC3F21 /* LaunchScreen.storyboard */ = {
			isa = PBXVariantGroup;
			children = (
				2AD1C0141CB69D2100CC3F21 /* Base */,
			);
			name = LaunchScreen.storyboard;
			sourceTree = "<group>";
		};
/* End PBXVariantGroup section */

/* Begin XCBuildConfiguration section */
		2AD1C02D1CB69D2100CC3F21 /* Debug */ = {
			isa = XCBuildConfiguration;
			buildSettings = {
				ALWAYS_SEARCH_USER_PATHS = NO;
				CLANG_CXX_LANGUAGE_STANDARD = "gnu++0x";
				CLANG_CXX_LIBRARY = "libc++";
				CLANG_ENABLE_MODULES = YES;
				CLANG_ENABLE_OBJC_ARC = YES;
				CLANG_WARN_BOOL_CONVERSION = YES;
				CLANG_WARN_CONSTANT_CONVERSION = YES;
				CLANG_WARN_DIRECT_OBJC_ISA_USAGE = YES_ERROR;
				CLANG_WARN_EMPTY_BODY = YES;
				CLANG_WARN_ENUM_CONVERSION = YES;
				CLANG_WARN_INT_CONVERSION = YES;
				CLANG_WARN_OBJC_ROOT_CLASS = YES_ERROR;
				CLANG_WARN_UNREACHABLE_CODE = YES;
				CLANG_WARN__DUPLICATE_METHOD_MATCH = YES;
				"CODE_SIGN_IDENTITY[sdk=iphoneos*]" = "iPhone Developer: 372142750@qq.com (A4ANZW2T3K)";
				COPY_PHASE_STRIP = NO;
				DEBUG_INFORMATION_FORMAT = dwarf;
				ENABLE_STRICT_OBJC_MSGSEND = YES;
				ENABLE_TESTABILITY = YES;
				GCC_C_LANGUAGE_STANDARD = gnu99;
				GCC_DYNAMIC_NO_PIC = NO;
				GCC_NO_COMMON_BLOCKS = YES;
				GCC_OPTIMIZATION_LEVEL = 0;
				GCC_PREPROCESSOR_DEFINITIONS = (
					"DEBUG=1",
					"$(inherited)",
				);
				GCC_WARN_64_TO_32_BIT_CONVERSION = YES;
				GCC_WARN_ABOUT_RETURN_TYPE = YES_ERROR;
				GCC_WARN_UNDECLARED_SELECTOR = YES;
				GCC_WARN_UNINITIALIZED_AUTOS = YES_AGGRESSIVE;
				GCC_WARN_UNUSED_FUNCTION = YES;
				GCC_WARN_UNUSED_VARIABLE = YES;
				IPHONEOS_DEPLOYMENT_TARGET = 9.2;
				MTL_ENABLE_DEBUG_INFO = YES;
				ONLY_ACTIVE_ARCH = YES;
				SDKROOT = iphoneos;
			};
			name = Debug;
		};
		2AD1C02E1CB69D2100CC3F21 /* Release */ = {
			isa = XCBuildConfiguration;
			buildSettings = {
				ALWAYS_SEARCH_USER_PATHS = NO;
				CLANG_CXX_LANGUAGE_STANDARD = "gnu++0x";
				CLANG_CXX_LIBRARY = "libc++";
				CLANG_ENABLE_MODULES = YES;
				CLANG_ENABLE_OBJC_ARC = YES;
				CLANG_WARN_BOOL_CONVERSION = YES;
				CLANG_WARN_CONSTANT_CONVERSION = YES;
				CLANG_WARN_DIRECT_OBJC_ISA_USAGE = YES_ERROR;
				CLANG_WARN_EMPTY_BODY = YES;
				CLANG_WARN_ENUM_CONVERSION = YES;
				CLANG_WARN_INT_CONVERSION = YES;
				CLANG_WARN_OBJC_ROOT_CLASS = YES_ERROR;
				CLANG_WARN_UNREACHABLE_CODE = YES;
				CLANG_WARN__DUPLICATE_METHOD_MATCH = YES;
				"CODE_SIGN_IDENTITY[sdk=iphoneos*]" = "iPhone Developer: 372142750@qq.com (A4ANZW2T3K)";
				COPY_PHASE_STRIP = NO;
				DEBUG_INFORMATION_FORMAT = "dwarf-with-dsym";
				ENABLE_NS_ASSERTIONS = NO;
				ENABLE_STRICT_OBJC_MSGSEND = YES;
				GCC_C_LANGUAGE_STANDARD = gnu99;
				GCC_NO_COMMON_BLOCKS = YES;
				GCC_WARN_64_TO_32_BIT_CONVERSION = YES;
				GCC_WARN_ABOUT_RETURN_TYPE = YES_ERROR;
				GCC_WARN_UNDECLARED_SELECTOR = YES;
				GCC_WARN_UNINITIALIZED_AUTOS = YES_AGGRESSIVE;
				GCC_WARN_UNUSED_FUNCTION = YES;
				GCC_WARN_UNUSED_VARIABLE = YES;
				IPHONEOS_DEPLOYMENT_TARGET = 9.2;
				MTL_ENABLE_DEBUG_INFO = NO;
				SDKROOT = iphoneos;
				VALIDATE_PRODUCT = YES;
			};
			name = Release;
		};
		2AD1C0301CB69D2100CC3F21 /* Debug */ = {
			isa = XCBuildConfiguration;
			baseConfigurationReference = AD1B9A95B1DD5C66B142435A /* Pods.debug.xcconfig */;
			buildSettings = {
				ASSETCATALOG_COMPILER_APPICON_NAME = AppIcon;
				CODE_SIGN_IDENTITY = "iPhone Developer";
				ENABLE_BITCODE = NO;
				INFOPLIST_FILE = "知乎日报/Info.plist";
				IPHONEOS_DEPLOYMENT_TARGET = 9.0;
				LD_RUNPATH_SEARCH_PATHS = "$(inherited) @executable_path/Frameworks";
				LIBRARY_SEARCH_PATHS = "$(inherited)";
				OTHER_LDFLAGS = (
					"$(inherited)",
					"-ObjC",
					"-l\"SDWebImage\"",
					"-framework",
					"\"ImageIO\"",
				);
				PRODUCT_BUNDLE_IDENTIFIER = "com.Jz.oc.----";
				PRODUCT_NAME = "$(TARGET_NAME)";
				TARGETED_DEVICE_FAMILY = 1;
			};
			name = Debug;
		};
		2AD1C0311CB69D2100CC3F21 /* Release */ = {
			isa = XCBuildConfiguration;
			baseConfigurationReference = 1EB6C4973CDF48D2D24F9B80 /* Pods.release.xcconfig */;
			buildSettings = {
				ASSETCATALOG_COMPILER_APPICON_NAME = AppIcon;
				CODE_SIGN_IDENTITY = "iPhone Developer";
				ENABLE_BITCODE = NO;
				INFOPLIST_FILE = "知乎日报/Info.plist";
				IPHONEOS_DEPLOYMENT_TARGET = 9.0;
				LD_RUNPATH_SEARCH_PATHS = "$(inherited) @executable_path/Frameworks";
				LIBRARY_SEARCH_PATHS = "$(inherited)";
				OTHER_LDFLAGS = (
					"$(inherited)",
					"-ObjC",
					"-l\"SDWebImage\"",
					"-framework",
					"\"ImageIO\"",
				);
				PRODUCT_BUNDLE_IDENTIFIER = "com.Jz.oc.----";
				PRODUCT_NAME = "$(TARGET_NAME)";
				TARGETED_DEVICE_FAMILY = 1;
			};
			name = Release;
		};
		2AD1C0331CB69D2100CC3F21 /* Debug */ = {
			isa = XCBuildConfiguration;
			buildSettings = {
				BUNDLE_LOADER = "$(TEST_HOST)";
				INFOPLIST_FILE = "知乎日报Tests/Info.plist";
				LD_RUNPATH_SEARCH_PATHS = "$(inherited) @executable_path/Frameworks @loader_path/Frameworks";
				PRODUCT_BUNDLE_IDENTIFIER = "com.Jz.oc.----Tests";
				PRODUCT_NAME = "$(TARGET_NAME)";
				TEST_HOST = "$(BUILT_PRODUCTS_DIR)/知乎日报.app/知乎日报";
			};
			name = Debug;
		};
		2AD1C0341CB69D2100CC3F21 /* Release */ = {
			isa = XCBuildConfiguration;
			buildSettings = {
				BUNDLE_LOADER = "$(TEST_HOST)";
				INFOPLIST_FILE = "知乎日报Tests/Info.plist";
				LD_RUNPATH_SEARCH_PATHS = "$(inherited) @executable_path/Frameworks @loader_path/Frameworks";
				PRODUCT_BUNDLE_IDENTIFIER = "com.Jz.oc.----Tests";
				PRODUCT_NAME = "$(TARGET_NAME)";
				TEST_HOST = "$(BUILT_PRODUCTS_DIR)/知乎日报.app/知乎日报";
			};
			name = Release;
		};
		2AD1C0361CB69D2100CC3F21 /* Debug */ = {
			isa = XCBuildConfiguration;
			buildSettings = {
				INFOPLIST_FILE = "知乎日报UITests/Info.plist";
				LD_RUNPATH_SEARCH_PATHS = "$(inherited) @executable_path/Frameworks @loader_path/Frameworks";
				PRODUCT_BUNDLE_IDENTIFIER = "com.Jz.oc.----UITests";
				PRODUCT_NAME = "$(TARGET_NAME)";
				TEST_TARGET_NAME = "知乎日报";
				USES_XCTRUNNER = YES;
			};
			name = Debug;
		};
		2AD1C0371CB69D2100CC3F21 /* Release */ = {
			isa = XCBuildConfiguration;
			buildSettings = {
				INFOPLIST_FILE = "知乎日报UITests/Info.plist";
				LD_RUNPATH_SEARCH_PATHS = "$(inherited) @executable_path/Frameworks @loader_path/Frameworks";
				PRODUCT_BUNDLE_IDENTIFIER = "com.Jz.oc.----UITests";
				PRODUCT_NAME = "$(TARGET_NAME)";
				TEST_TARGET_NAME = "知乎日报";
				USES_XCTRUNNER = YES;
			};
			name = Release;
		};
/* End XCBuildConfiguration section */

/* Begin XCConfigurationList section */
		2AD1BFFD1CB69D2100CC3F21 /* Build configuration list for PBXProject "知乎日报" */ = {
			isa = XCConfigurationList;
			buildConfigurations = (
				2AD1C02D1CB69D2100CC3F21 /* Debug */,
				2AD1C02E1CB69D2100CC3F21 /* Release */,
			);
			defaultConfigurationIsVisible = 0;
			defaultConfigurationName = Release;
		};
		2AD1C02F1CB69D2100CC3F21 /* Build configuration list for PBXNativeTarget "知乎日报" */ = {
			isa = XCConfigurationList;
			buildConfigurations = (
				2AD1C0301CB69D2100CC3F21 /* Debug */,
				2AD1C0311CB69D2100CC3F21 /* Release */,
			);
			defaultConfigurationIsVisible = 0;
			defaultConfigurationName = Release;
		};
		2AD1C0321CB69D2100CC3F21 /* Build configuration list for PBXNativeTarget "知乎日报Tests" */ = {
			isa = XCConfigurationList;
			buildConfigurations = (
				2AD1C0331CB69D2100CC3F21 /* Debug */,
				2AD1C0341CB69D2100CC3F21 /* Release */,
			);
			defaultConfigurationIsVisible = 0;
			defaultConfigurationName = Release;
		};
		2AD1C0351CB69D2100CC3F21 /* Build configuration list for PBXNativeTarget "知乎日报UITests" */ = {
			isa = XCConfigurationList;
			buildConfigurations = (
				2AD1C0361CB69D2100CC3F21 /* Debug */,
				2AD1C0371CB69D2100CC3F21 /* Release */,
			);
			defaultConfigurationIsVisible = 0;
			defaultConfigurationName = Release;
		};
/* End XCConfigurationList section */
	};
	rootObject = 2AD1BFFA1CB69D2100CC3F21 /* Project object */;
}
